
Microsoft Visual Studio Solution File, Format Version 12.00
# Visual Studio Version 17
VisualStudioVersion = 17.0.31903.59
MinimumVisualStudioVersion = 10.0.40219.1
Project("{2150E333-8FDC-42A3-9474-1A3956D46DE8}") = "services", "services", "{E1091C3C-540D-4663-AF50-0E4D96106D08}"
EndProject
Project("{FAE04EC0-301F-11D3-BF4B-00C04F79EFBC}") = "IdentityService", "services\identity-service\IdentityService.csproj", "{C4E8D3EF-B979-4007-A5FA-415E39B1DA85}"
EndProject
Project("{FAE04EC0-301F-11D3-BF4B-00C04F79EFBC}") = "CatalogService", "services\catalog-service\CatalogService.csproj", "{7331DE72-7B4C-4436-9C45-D152DBE2006B}"
EndProject
Project("{FAE04EC0-301F-11D3-BF4B-00C04F79EFBC}") = "OrderService", "services\order-service\OrderService.csproj", "{9EF17852-2E7E-4E55-8843-84B8965A3E00}"
EndProject
Project("{FAE04EC0-301F-11D3-BF4B-00C04F79EFBC}") = "BasketService", "services\basket-service\BasketService.csproj", "{37180354-DD03-4C84-A408-BA971AED7062}"
EndProject
Project("{FAE04EC0-301F-11D3-BF4B-00C04F79EFBC}") = "PaymentService", "services\payment-service\PaymentService.csproj", "{7F68C0F4-706A-4562-AED7-7C4EF2617771}"
EndProject
Project("{FAE04EC0-301F-11D3-BF4B-00C04F79EFBC}") = "WebhookService", "services\webhook-service\WebhookService.csproj", "{0434FD83-858B-4E5E-A744-66A65AE10761}"
EndProject
Global
	GlobalSection(SolutionConfigurationPlatforms) = preSolution
		Debug|Any CPU = Debug|Any CPU
		Release|Any CPU = Release|Any CPU
	EndGlobalSection
	GlobalSection(SolutionProperties) = preSolution
		HideSolutionNode = FALSE
	EndGlobalSection
	GlobalSection(ProjectConfigurationPlatforms) = postSolution
		{C4E8D3EF-B979-4007-A5FA-415E39B1DA85}.Debug|Any CPU.ActiveCfg = Debug|Any CPU
		{C4E8D3EF-B979-4007-A5FA-415E39B1DA85}.Debug|Any CPU.Build.0 = Debug|Any CPU
		{C4E8D3EF-B979-4007-A5FA-415E39B1DA85}.Release|Any CPU.ActiveCfg = Release|Any CPU
		{C4E8D3EF-B979-4007-A5FA-415E39B1DA85}.Release|Any CPU.Build.0 = Release|Any CPU
		{7331DE72-7B4C-4436-9C45-D152DBE2006B}.Debug|Any CPU.ActiveCfg = Debug|Any CPU
		{7331DE72-7B4C-4436-9C45-D152DBE2006B}.Debug|Any CPU.Build.0 = Debug|Any CPU
		{7331DE72-7B4C-4436-9C45-D152DBE2006B}.Release|Any CPU.ActiveCfg = Release|Any CPU
		{7331DE72-7B4C-4436-9C45-D152DBE2006B}.Release|Any CPU.Build.0 = Release|Any CPU
		{9EF17852-2E7E-4E55-8843-84B8965A3E00}.Debug|Any CPU.ActiveCfg = Debug|Any CPU
		{9EF17852-2E7E-4E55-8843-84B8965A3E00}.Debug|Any CPU.Build.0 = Debug|Any CPU
		{9EF17852-2E7E-4E55-8843-84B8965A3E00}.Release|Any CPU.ActiveCfg = Release|Any CPU
		{9EF17852-2E7E-4E55-8843-84B8965A3E00}.Release|Any CPU.Build.0 = Release|Any CPU
		{37180354-DD03-4C84-A408-BA971AED7062}.Debug|Any CPU.ActiveCfg = Debug|Any CPU
		{37180354-DD03-4C84-A408-BA971AED7062}.Debug|Any CPU.Build.0 = Debug|Any CPU
		{37180354-DD03-4C84-A408-BA971AED7062}.Release|Any CPU.ActiveCfg = Release|Any CPU
		{37180354-DD03-4C84-A408-BA971AED7062}.Release|Any CPU.Build.0 = Release|Any CPU
		{7F68C0F4-706A-4562-AED7-7C4EF2617771}.Debug|Any CPU.ActiveCfg = Debug|Any CPU
		{7F68C0F4-706A-4562-AED7-7C4EF2617771}.Debug|Any CPU.Build.0 = Debug|Any CPU
		{7F68C0F4-706A-4562-AED7-7C4EF2617771}.Release|Any CPU.ActiveCfg = Release|Any CPU
		{7F68C0F4-706A-4562-AED7-7C4EF2617771}.Release|Any CPU.Build.0 = Release|Any CPU
		{0434FD83-858B-4E5E-A744-66A65AE10761}.Debug|Any CPU.ActiveCfg = Debug|Any CPU
		{0434FD83-858B-4E5E-A744-66A65AE10761}.Debug|Any CPU.Build.0 = Debug|Any CPU
		{0434FD83-858B-4E5E-A744-66A65AE10761}.Release|Any CPU.ActiveCfg = Release|Any CPU
		{0434FD83-858B-4E5E-A744-66A65AE10761}.Release|Any CPU.Build.0 = Release|Any CPU
	EndGlobalSection
	GlobalSection(NestedProjects) = preSolution
		{C4E8D3EF-B979-4007-A5FA-415E39B1DA85} = {E1091C3C-540D-4663-AF50-0E4D96106D08}
		{7331DE72-7B4C-4436-9C45-D152DBE2006B} = {E1091C3C-540D-4663-AF50-0E4D96106D08}
		{9EF17852-2E7E-4E55-8843-84B8965A3E00} = {E1091C3C-540D-4663-AF50-0E4D96106D08}
		{37180354-DD03-4C84-A408-BA971AED7062} = {E1091C3C-540D-4663-AF50-0E4D96106D08}
		{7F68C0F4-706A-4562-AED7-7C4EF2617771} = {E1091C3C-540D-4663-AF50-0E4D96106D08}
		{0434FD83-858B-4E5E-A744-66A65AE10761} = {E1091C3C-540D-4663-AF50-0E4D96106D08}
	EndGlobalSection
EndGlobal
